Microsoft Visual Studio Solution File, Format Version 12.00
# Visual Studio Version 17
VisualStudioVersion = 17.5.2.0
MinimumVisualStudioVersion = 10.0.40219.1
Project("{FAE04EC0-301F-11D3-BF4B-00C04F79EFBC}") = "MSFD_EventEaseApp", "MSFD_EventEaseApp.csproj", "{3CDB1385-D0F8-9021-287B-DAABBE3EE826}"
EndProject
Global
	GlobalSection(SolutionConfigurationPlatforms) = preSolution
		Debug|Any CPU = Debug|Any CPU
		Release|Any CPU = Release|Any CPU
	EndGlobalSection
	GlobalSection(ProjectConfigurationPlatforms) = postSolution
		{3CDB1385-D0F8-9021-287B-DAABBE3EE826}.Debug|Any CPU.ActiveCfg = Debug|Any CPU
		{3CDB1385-D0F8-9021-287B-DAABBE3EE826}.Debug|Any CPU.Build.0 = Debug|Any CPU
		{3CDB1385-D0F8-9021-287B-DAABBE3EE826}.Release|Any CPU.ActiveCfg = Release|Any CPU
		{3CDB1385-D0F8-9021-287B-DAABBE3EE826}.Release|Any CPU.Build.0 = Release|Any CPU
	EndGlobalSection
	GlobalSection(SolutionProperties) = preSolution
		HideSolutionNode = FALSE
	EndGlobalSection
	GlobalSection(ExtensibilityGlobals) = postSolution
		SolutionGuid = {3916CD21-5908-40C0-8BDF-97A7B33658F4}
	EndGlobalSection
EndGlobal
